
Microsoft Visual Studio Solution File, Format Version 12.00
# Visual Studio Version 17
VisualStudioVersion = 17.9.34728.123
MinimumVisualStudioVersion = 10.0.40219.1
Project("{FAE04EC0-301F-11D3-BF4B-00C04F79EFBC}") = "UserLogin.Server", "UserLogin.Server\UserLogin.Server.csproj", "{EFDCAEB4-9CF5-46C0-8825-78D4270ECA5D}"
EndProject
Project("{54A90642-561A-4BB1-A94E-469ADEE60C69}") = "userlogin.client", "userlogin.client\userlogin.client.esproj", "{D3C8EAD3-14E4-4497-8C22-79B6740B4EA0}"
EndProject
Global
	GlobalSection(SolutionConfigurationPlatforms) = preSolution
		Debug|Any CPU = Debug|Any CPU
		Release|Any CPU = Release|Any CPU
	EndGlobalSection
	GlobalSection(ProjectConfigurationPlatforms) = postSolution
		{EFDCAEB4-9CF5-46C0-8825-78D4270ECA5D}.Debug|Any CPU.ActiveCfg = Debug|Any CPU
		{EFDCAEB4-9CF5-46C0-8825-78D4270ECA5D}.Debug|Any CPU.Build.0 = Debug|Any CPU
		{EFDCAEB4-9CF5-46C0-8825-78D4270ECA5D}.Release|Any CPU.ActiveCfg = Release|Any CPU
		{EFDCAEB4-9CF5-46C0-8825-78D4270ECA5D}.Release|Any CPU.Build.0 = Release|Any CPU
		{D3C8EAD3-14E4-4497-8C22-79B6740B4EA0}.Debug|Any CPU.ActiveCfg = Debug|Any CPU
		{D3C8EAD3-14E4-4497-8C22-79B6740B4EA0}.Debug|Any CPU.Build.0 = Debug|Any CPU
		{D3C8EAD3-14E4-4497-8C22-79B6740B4EA0}.Debug|Any CPU.Deploy.0 = Debug|Any CPU
		{D3C8EAD3-14E4-4497-8C22-79B6740B4EA0}.Release|Any CPU.ActiveCfg = Release|Any CPU
		{D3C8EAD3-14E4-4497-8C22-79B6740B4EA0}.Release|Any CPU.Build.0 = Release|Any CPU
		{D3C8EAD3-14E4-4497-8C22-79B6740B4EA0}.Release|Any CPU.Deploy.0 = Release|Any CPU
	EndGlobalSection
	GlobalSection(SolutionProperties) = preSolution
		HideSolutionNode = FALSE
	EndGlobalSection
	GlobalSection(ExtensibilityGlobals) = postSolution
		SolutionGuid = {6B146F6D-DCA3-4593-9407-11DE4228E147}
	EndGlobalSection
EndGlobal
